
Microsoft Visual Studio Solution File, Format Version 12.00
# Visual Studio Version 17
VisualStudioVersion = 17.0.31903.59
MinimumVisualStudioVersion = 10.0.40219.1
Project("{FAE04EC0-301F-11D3-BF4B-00C04F79EFBC}") = "Blazr.Tools", "src\Blazr.Tools\Blazr.Tools.csproj", "{B0D004CA-6E2A-426D-B314-99799AB168AB}"
EndProject
Project("{FAE04EC0-301F-11D3-BF4B-00C04F79EFBC}") = "Blazr.Tools.Demo", "demos\Blazr.Tools.Demo\Blazr.Tools.Demo.csproj", "{8CE867E0-797C-4FFC-A7E1-B5C1C64C476B}"
EndProject
Global
	GlobalSection(SolutionConfigurationPlatforms) = preSolution
		Debug|Any CPU = Debug|Any CPU
		Release|Any CPU = Release|Any CPU
	EndGlobalSection
	GlobalSection(ProjectConfigurationPlatforms) = postSolution
		{B0D004CA-6E2A-426D-B314-99799AB168AB}.Debug|Any CPU.ActiveCfg = Debug|Any CPU
		{B0D004CA-6E2A-426D-B314-99799AB168AB}.Debug|Any CPU.Build.0 = Debug|Any CPU
		{B0D004CA-6E2A-426D-B314-99799AB168AB}.Release|Any CPU.ActiveCfg = Release|Any CPU
		{B0D004CA-6E2A-426D-B314-99799AB168AB}.Release|Any CPU.Build.0 = Release|Any CPU
		{8CE867E0-797C-4FFC-A7E1-B5C1C64C476B}.Debug|Any CPU.ActiveCfg = Debug|Any CPU
		{8CE867E0-797C-4FFC-A7E1-B5C1C64C476B}.Debug|Any CPU.Build.0 = Debug|Any CPU
		{8CE867E0-797C-4FFC-A7E1-B5C1C64C476B}.Release|Any CPU.ActiveCfg = Release|Any CPU
		{8CE867E0-797C-4FFC-A7E1-B5C1C64C476B}.Release|Any CPU.Build.0 = Release|Any CPU
	EndGlobalSection
	GlobalSection(SolutionProperties) = preSolution
		HideSolutionNode = FALSE
	EndGlobalSection
	GlobalSection(ExtensibilityGlobals) = postSolution
		SolutionGuid = {3D2622C7-3BC6-4C67-97DB-144DCF4C1361}
	EndGlobalSection
EndGlobal
